// !$*UTF8*$!
{
	archiveVersion = 1;
	classes = {
	};
	objectVersion = 46;
	objects = {

/* Begin PBXBuildFile section */
		9205C8051DCC6AF600502A2C /* MYButtonController.swift in Sources */ = {isa = PBXBuildFile; fileRef = 9205C8041DCC6AF600502A2C /* MYButtonController.swift */; };
		920DAB041DC8E08A00C86EE6 /* AppDelegate.swift in Sources */ = {isa = PBXBuildFile; fileRef = 920DAB031DC8E08A00C86EE6 /* AppDelegate.swift */; };
		920DAB061DC8E08A00C86EE6 /* ViewController.swift in Sources */ = {isa = PBXBuildFile; fileRef = 920DAB051DC8E08A00C86EE6 /* ViewController.swift */; };
		920DAB0B1DC8E08A00C86EE6 /* Assets.xcassets in Resources */ = {isa = PBXBuildFile; fileRef = 920DAB0A1DC8E08A00C86EE6 /* Assets.xcassets */; };
		920DAB0E1DC8E08A00C86EE6 /* LaunchScreen.storyboard in Resources */ = {isa = PBXBuildFile; fileRef = 920DAB0C1DC8E08A00C86EE6 /* LaunchScreen.storyboard */; };
		920DAB191DC8E08A00C86EE6 /* ___Tests.swift in Sources */ = {isa = PBXBuildFile; fileRef = 920DAB181DC8E08A00C86EE6 /* ___Tests.swift */; };
		920DAB241DC8E08A00C86EE6 /* ___UITests.swift in Sources */ = {isa = PBXBuildFile; fileRef = 920DAB231DC8E08A00C86EE6 /* ___UITests.swift */; };
/* End PBXBuildFile section */

/* Begin PBXContainerItemProxy section */
		920DAB151DC8E08A00C86EE6 /* PBXContainerItemProxy */ = {
			isa = PBXContainerItemProxy;
			containerPortal = 920DAAF81DC8E08A00C86EE6 /* Project object */;
			proxyType = 1;
			remoteGlobalIDString = 920DAAFF1DC8E08A00C86EE6;
			remoteInfo = "7🐟";
		};
		920DAB201DC8E08A00C86EE6 /* PBXContainerItemProxy */ = {
			isa = PBXContainerItemProxy;
			containerPortal = 920DAAF81DC8E08A00C86EE6 /* Project object */;
			proxyType = 1;
			remoteGlobalIDString = 920DAAFF1DC8E08A00C86EE6;
			remoteInfo = "7🐟";
		};
/* End PBXContainerItemProxy section */

/* Begin PBXFileReference section */
		9205C8041DCC6AF600502A2C /* MYButtonController.swift */ = {isa = PBXFileReference; fileEncoding = 4; lastKnownFileType = sourcecode.swift; path = MYButtonController.swift; sourceTree = "<group>"; };
		920DAB001DC8E08A00C86EE6 /* 7🐟.app */ = {isa = PBXFileReference; explicitFileType = wrapper.application; includeInIndex = 0; path = "7🐟.app"; sourceTree = BUILT_PRODUCTS_DIR; };
		920DAB031DC8E08A00C86EE6 /* AppDelegate.swift */ = {isa = PBXFileReference; lastKnownFileType = sourcecode.swift; path = AppDelegate.swift; sourceTree = "<group>"; };
		920DAB051DC8E08A00C86EE6 /* ViewController.swift */ = {isa = PBXFileReference; lastKnownFileType = sourcecode.swift; path = ViewController.swift; sourceTree = "<group>"; };
		920DAB0A1DC8E08A00C86EE6 /* Assets.xcassets */ = {isa = PBXFileReference; lastKnownFileType = folder.assetcatalog; path = Assets.xcassets; sourceTree = "<group>"; };
		920DAB0D1DC8E08A00C86EE6 /* Base */ = {isa = PBXFileReference; lastKnownFileType = file.storyboard; name = Base; path = Base.lproj/LaunchScreen.storyboard; sourceTree = "<group>"; };
		920DAB0F1DC8E08A00C86EE6 /* Info.plist */ = {isa = PBXFileReference; lastKnownFileType = text.plist.xml; path = Info.plist; sourceTree = "<group>"; };
		920DAB141DC8E08A00C86EE6 /* 7🐟Tests.xctest */ = {isa = PBXFileReference; explicitFileType = wrapper.cfbundle; includeInIndex = 0; path = "7🐟Tests.xctest"; sourceTree = BUILT_PRODUCTS_DIR; };
		920DAB181DC8E08A00C86EE6 /* ___Tests.swift */ = {isa = PBXFileReference; lastKnownFileType = sourcecode.swift; path = "___Tests.swift"; sourceTree = "<group>"; };
		920DAB1A1DC8E08A00C86EE6 /* Info.plist */ = {isa = PBXFileReference; lastKnownFileType = text.plist.xml; path = Info.plist; sourceTree = "<group>"; };
		920DAB1F1DC8E08A00C86EE6 /* 7🐟UITests.xctest */ = {isa = PBXFileReference; explicitFileType = wrapper.cfbundle; includeInIndex = 0; path = "7🐟UITests.xctest"; sourceTree = BUILT_PRODUCTS_DIR; };
		920DAB231DC8E08A00C86EE6 /* ___UITests.swift */ = {isa = PBXFileReference; lastKnownFileType = sourcecode.swift; path = "___UITests.swift"; sourceTree = "<group>"; };
		920DAB251DC8E08A00C86EE6 /* Info.plist */ = {isa = PBXFileReference; lastKnownFileType = text.plist.xml; path = Info.plist; sourceTree = "<group>"; };
/* End PBXFileReference section */

/* Begin PBXFrameworksBuildPhase section */
		920DAAFD1DC8E08A00C86EE6 /* Frameworks */ = {
			isa = PBXFrameworksBuildPhase;
			buildActionMask = 2147483647;
			files = (
			);
			runOnlyForDeploymentPostprocessing = 0;
		};
		920DAB111DC8E08A00C86EE6 /* Frameworks */ = {
			isa = PBXFrameworksBuildPhase;
			buildActionMask = 2147483647;
			files = (
			);
			runOnlyForDeploymentPostprocessing = 0;
		};
		920DAB1C1DC8E08A00C86EE6 /* Frameworks */ = {
			isa = PBXFrameworksBuildPhase;
			buildActionMask = 2147483647;
			files = (
			);
			runOnlyForDeploymentPostprocessing = 0;
		};
/* End PBXFrameworksBuildPhase section */

/* Begin PBXGroup section */
		920DAAF71DC8E08A00C86EE6 = {
			isa = PBXGroup;
			children = (
				920DAB021DC8E08A00C86EE6 /* 7🐟 */,
				920DAB171DC8E08A00C86EE6 /* 7🐟Tests */,
				920DAB221DC8E08A00C86EE6 /* 7🐟UITests */,
				920DAB011DC8E08A00C86EE6 /* Products */,
			);
			sourceTree = "<group>";
		};
		920DAB011DC8E08A00C86EE6 /* Products */ = {
			isa = PBXGroup;
			children = (
				920DAB001DC8E08A00C86EE6 /* 7🐟.app */,
				920DAB141DC8E08A00C86EE6 /* 7🐟Tests.xctest */,
				920DAB1F1DC8E08A00C86EE6 /* 7🐟UITests.xctest */,
			);
			name = Products;
			sourceTree = "<group>";
		};
		920DAB021DC8E08A00C86EE6 /* 7🐟 */ = {
			isa = PBXGroup;
			children = (
				920DAB031DC8E08A00C86EE6 /* AppDelegate.swift */,
				920DAB051DC8E08A00C86EE6 /* ViewController.swift */,
				9205C8041DCC6AF600502A2C /* MYButtonController.swift */,
				920DAB0A1DC8E08A00C86EE6 /* Assets.xcassets */,
				920DAB0C1DC8E08A00C86EE6 /* LaunchScreen.storyboard */,
				920DAB0F1DC8E08A00C86EE6 /* Info.plist */,
			);
			path = "7🐟";
			sourceTree = "<group>";
		};
		920DAB171DC8E08A00C86EE6 /* 7🐟Tests */ = {
			isa = PBXGroup;
			children = (
				920DAB181DC8E08A00C86EE6 /* ___Tests.swift */,
				920DAB1A1DC8E08A00C86EE6 /* Info.plist */,
			);
			path = "7🐟Tests";
			sourceTree = "<group>";
		};
		920DAB221DC8E08A00C86EE6 /* 7🐟UITests */ = {
			isa = PBXGroup;
			children = (
				920DAB231DC8E08A00C86EE6 /* ___UITests.swift */,
				920DAB251DC8E08A00C86EE6 /* Info.plist */,
			);
			path = "7🐟UITests";
			sourceTree = "<group>";
		};
/* End PBXGroup section */

/* Begin PBXNativeTarget section */
		920DAAFF1DC8E08A00C86EE6 /* 7🐟 */ = {
			isa = PBXNativeTarget;
			buildConfigurationList = 920DAB281DC8E08A00C86EE6 /* Build configuration list for PBXNativeTarget "7🐟" */;
			buildPhases = (
				920DAAFC1DC8E08A00C86EE6 /* Sources */,
				920DAAFD1DC8E08A00C86EE6 /* Frameworks */,
				920DAAFE1DC8E08A00C86EE6 /* Resources */,
			);
			buildRules = (
			);
			dependencies = (
			);
			name = "7🐟";
			productName = "7🐟";
			productReference = 920DAB001DC8E08A00C86EE6 /* 7🐟.app */;
			productType = "com.apple.product-type.application";
		};
		920DAB131DC8E08A00C86EE6 /* 7🐟Tests */ = {
			isa = PBXNativeTarget;
			buildConfigurationList = 920DAB2B1DC8E08A00C86EE6 /* Build configuration list for PBXNativeTarget "7🐟Tests" */;
			buildPhases = (
				920DAB101DC8E08A00C86EE6 /* Sources */,
				920DAB111DC8E08A00C86EE6 /* Frameworks */,
				920DAB121DC8E08A00C86EE6 /* Resources */,
			);
			buildRules = (
			);
			dependencies = (
				920DAB161DC8E08A00C86EE6 /* PBXTargetDependency */,
			);
			name = "7🐟Tests";
			productName = "7🐟Tests";
			productReference = 920DAB141DC8E08A00C86EE6 /* 7🐟Tests.xctest */;
			productType = "com.apple.product-type.bundle.unit-test";
		};
		920DAB1E1DC8E08A00C86EE6 /* 7🐟UITests */ = {
			isa = PBXNativeTarget;
			buildConfigurationList = 920DAB2E1DC8E08A00C86EE6 /* Build configuration list for PBXNativeTarget "7🐟UITests" */;
			buildPhases = (
				920DAB1B1DC8E08A00C86EE6 /* Sources */,
				920DAB1C1DC8E08A00C86EE6 /* Frameworks */,
				920DAB1D1DC8E08A00C86EE6 /* Resources */,
			);
			buildRules = (
			);
			dependencies = (
				920DAB211DC8E08A00C86EE6 /* PBXTargetDependency */,
			);
			name = "7🐟UITests";
			productName = "7🐟UITests";
			productReference = 920DAB1F1DC8E08A00C86EE6 /* 7🐟UITests.xctest */;
			productType = "com.apple.product-type.bundle.ui-testing";
		};
/* End PBXNativeTarget section */

/* Begin PBXProject section */
		920DAAF81DC8E08A00C86EE6 /* Project object */ = {
			isa = PBXProject;
			attributes = {
				LastSwiftUpdateCheck = 0800;
				LastUpgradeCheck = 0800;
				ORGANIZATIONNAME = "梁飞涛";
				TargetAttributes = {
					920DAAFF1DC8E08A00C86EE6 = {
						CreatedOnToolsVersion = 8.0;
						DevelopmentTeam = GEMV9X34CD;
						ProvisioningStyle = Automatic;
					};
					920DAB131DC8E08A00C86EE6 = {
						CreatedOnToolsVersion = 8.0;
						ProvisioningStyle = Automatic;
						TestTargetID = 920DAAFF1DC8E08A00C86EE6;
					};
					920DAB1E1DC8E08A00C86EE6 = {
						CreatedOnToolsVersion = 8.0;
						ProvisioningStyle = Automatic;
						TestTargetID = 920DAAFF1DC8E08A00C86EE6;
					};
				};
			};
			buildConfigurationList = 920DAAFB1DC8E08A00C86EE6 /* Build configuration list for PBXProject "7🐟" */;
			compatibilityVersion = "Xcode 3.2";
			developmentRegion = English;
			hasScannedForEncodings = 0;
			knownRegions = (
				en,
				Base,
			);
			mainGroup = 920DAAF71DC8E08A00C86EE6;
			productRefGroup = 920DAB011DC8E08A00C86EE6 /* Products */;
			projectDirPath = "";
			projectRoot = "";
			targets = (
				920DAAFF1DC8E08A00C86EE6 /* 7🐟 */,
				920DAB131DC8E08A00C86EE6 /* 7🐟Tests */,
				920DAB1E1DC8E08A00C86EE6 /* 7🐟UITests */,
			);
		};
/* End PBXProject section */

/* Begin PBXResourcesBuildPhase section */
		920DAAFE1DC8E08A00C86EE6 /* Resources */ = {
			isa = PBXResourcesBuildPhase;
			buildActionMask = 2147483647;
			files = (
				920DAB0E1DC8E08A00C86EE6 /* LaunchScreen.storyboard in Resources */,
				920DAB0B1DC8E08A00C86EE6 /* Assets.xcassets in Resources */,
			);
			runOnlyForDeploymentPostprocessing = 0;
		};
		920DAB121DC8E08A00C86EE6 /* Resources */ = {
			isa = PBXResourcesBuildPhase;
			buildActionMask = 2147483647;
			files = (
			);
			runOnlyForDeploymentPostprocessing = 0;
		};
		920DAB1D1DC8E08A00C86EE6 /* Resources */ = {
			isa = PBXResourcesBuildPhase;
			buildActionMask = 2147483647;
			files = (
			);
			runOnlyForDeploymentPostprocessing = 0;
		};
/* End PBXResourcesBuildPhase section */

/* Begin PBXSourcesBuildPhase section */
		920DAAFC1DC8E08A00C86EE6 /* Sources */ = {
			isa = PBXSourcesBuildPhase;
			buildActionMask = 2147483647;
			files = (
				920DAB061DC8E08A00C86EE6 /* ViewController.swift in Sources */,
				9205C8051DCC6AF600502A2C /* MYButtonController.swift in Sources */,
				920DAB041DC8E08A00C86EE6 /* AppDelegate.swift in Sources */,
			);
			runOnlyForDeploymentPostprocessing = 0;
		};
		920DAB101DC8E08A00C86EE6 /* Sources */ = {
			isa = PBXSourcesBuildPhase;
			buildActionMask = 2147483647;
			files = (
				920DAB191DC8E08A00C86EE6 /* ___Tests.swift in Sources */,
			);
			runOnlyForDeploymentPostprocessing = 0;
		};
		920DAB1B1DC8E08A00C86EE6 /* Sources */ = {
			isa = PBXSourcesBuildPhase;
			buildActionMask = 2147483647;
			files = (
				920DAB241DC8E08A00C86EE6 /* ___UITests.swift in Sources */,
			);
			runOnlyForDeploymentPostprocessing = 0;
		};
/* End PBXSourcesBuildPhase section */

/* Begin PBXTargetDependency section */
		920DAB161DC8E08A00C86EE6 /* PBXTargetDependency */ = {
			isa = PBXTargetDependency;
			target = 920DAAFF1DC8E08A00C86EE6 /* 7🐟 */;
			targetProxy = 920DAB151DC8E08A00C86EE6 /* PBXContainerItemProxy */;
		};
		920DAB211DC8E08A00C86EE6 /* PBXTargetDependency */ = {
			isa = PBXTargetDependency;
			target = 920DAAFF1DC8E08A00C86EE6 /* 7🐟 */;
			targetProxy = 920DAB201DC8E08A00C86EE6 /* PBXContainerItemProxy */;
		};
/* End PBXTargetDependency section */

/* Begin PBXVariantGroup section */
		920DAB0C1DC8E08A00C86EE6 /* LaunchScreen.storyboard */ = {
			isa = PBXVariantGroup;
			children = (
				920DAB0D1DC8E08A00C86EE6 /* Base */,
			);
			name = LaunchScreen.storyboard;
			sourceTree = "<group>";
		};
/* End PBXVariantGroup section */

/* Begin XCBuildConfiguration section */
		920DAB261DC8E08A00C86EE6 /* Debug */ = {
			isa = XCBuildConfiguration;
			buildSettings = {
				ALWAYS_SEARCH_USER_PATHS = NO;
				CLANG_ANALYZER_NONNULL = YES;
				CLANG_CXX_LANGUAGE_STANDARD = "gnu++0x";
				CLANG_CXX_LIBRARY = "libc++";
				CLANG_ENABLE_MODULES = YES;
				CLANG_ENABLE_OBJC_ARC = YES;
				CLANG_WARN_BOOL_CONVERSION = YES;
				CLANG_WARN_CONSTANT_CONVERSION = YES;
				CLANG_WARN_DIRECT_OBJC_ISA_USAGE = YES_ERROR;
				CLANG_WARN_DOCUMENTATION_COMMENTS = YES;
				CLANG_WARN_EMPTY_BODY = YES;
				CLANG_WARN_ENUM_CONVERSION = YES;
				CLANG_WARN_INFINITE_RECURSION = YES;
				CLANG_WARN_INT_CONVERSION = YES;
				CLANG_WARN_OBJC_ROOT_CLASS = YES_ERROR;
				CLANG_WARN_SUSPICIOUS_MOVES = YES;
				CLANG_WARN_UNREACHABLE_CODE = YES;
				CLANG_WARN__DUPLICATE_METHOD_MATCH = YES;
				"CODE_SIGN_IDENTITY[sdk=iphoneos*]" = "iPhone Developer";
				COPY_PHASE_STRIP = NO;
				DEBUG_INFORMATION_FORMAT = dwarf;
				ENABLE_STRICT_OBJC_MSGSEND = YES;
				ENABLE_TESTABILITY = YES;
				GCC_C_LANGUAGE_STANDARD = gnu99;
				GCC_DYNAMIC_NO_PIC = NO;
				GCC_NO_COMMON_BLOCKS = YES;
				GCC_OPTIMIZATION_LEVEL = 0;
				GCC_PREPROCESSOR_DEFINITIONS = (
					"DEBUG=1",
					"$(inherited)",
				);
				GCC_WARN_64_TO_32_BIT_CONVERSION = YES;
				GCC_WARN_ABOUT_RETURN_TYPE = YES_ERROR;
				GCC_WARN_UNDECLARED_SELECTOR = YES;
				GCC_WARN_UNINITIALIZED_AUTOS = YES_AGGRESSIVE;
				GCC_WARN_UNUSED_FUNCTION = YES;
				GCC_WARN_UNUSED_VARIABLE = YES;
				IPHONEOS_DEPLOYMENT_TARGET = 10.0;
				MTL_ENABLE_DEBUG_INFO = YES;
				ONLY_ACTIVE_ARCH = YES;
				SDKROOT = iphoneos;
				SWIFT_ACTIVE_COMPILATION_CONDITIONS = DEBUG;
				SWIFT_OPTIMIZATION_LEVEL = "-Onone";
			};
			name = Debug;
		};
		920DAB271DC8E08A00C86EE6 /* Release */ = {
			isa = XCBuildConfiguration;
			buildSettings = {
				ALWAYS_SEARCH_USER_PATHS = NO;
				CLANG_ANALYZER_NONNULL = YES;
				CLANG_CXX_LANGUAGE_STANDARD = "gnu++0x";
				CLANG_CXX_LIBRARY = "libc++";
				CLANG_ENABLE_MODULES = YES;
				CLANG_ENABLE_OBJC_ARC = YES;
				CLANG_WARN_BOOL_CONVERSION = YES;
				CLANG_WARN_CONSTANT_CONVERSION = YES;
				CLANG_WARN_DIRECT_OBJC_ISA_USAGE = YES_ERROR;
				CLANG_WARN_DOCUMENTATION_COMMENTS = YES;
				CLANG_WARN_EMPTY_BODY = YES;
				CLANG_WARN_ENUM_CONVERSION = YES;
				CLANG_WARN_INFINITE_RECURSION = YES;
				CLANG_WARN_INT_CONVERSION = YES;
				CLANG_WARN_OBJC_ROOT_CLASS = YES_ERROR;
				CLANG_WARN_SUSPICIOUS_MOVES = YES;
				CLANG_WARN_UNREACHABLE_CODE = YES;
				CLANG_WARN__DUPLICATE_METHOD_MATCH = YES;
				"CODE_SIGN_IDENTITY[sdk=iphoneos*]" = "iPhone Developer";
				COPY_PHASE_STRIP = NO;
				DEBUG_INFORMATION_FORMAT = "dwarf-with-dsym";
				ENABLE_NS_ASSERTIONS = NO;
				ENABLE_STRICT_OBJC_MSGSEND = YES;
				GCC_C_LANGUAGE_STANDARD = gnu99;
				GCC_NO_COMMON_BLOCKS = YES;
				GCC_WARN_64_TO_32_BIT_CONVERSION = YES;
				GCC_WARN_ABOUT_RETURN_TYPE = YES_ERROR;
				GCC_WARN_UNDECLARED_SELECTOR = YES;
				GCC_WARN_UNINITIALIZED_AUTOS = YES_AGGRESSIVE;
				GCC_WARN_UNUSED_FUNCTION = YES;
				GCC_WARN_UNUSED_VARIABLE = YES;
				IPHONEOS_DEPLOYMENT_TARGET = 10.0;
				MTL_ENABLE_DEBUG_INFO = NO;
				SDKROOT = iphoneos;
				SWIFT_OPTIMIZATION_LEVEL = "-Owholemodule";
				VALIDATE_PRODUCT = YES;
			};
			name = Release;
		};
		920DAB291DC8E08A00C86EE6 /* Debug */ = {
			isa = XCBuildConfiguration;
			buildSettings = {
				ASSETCATALOG_COMPILER_APPICON_NAME = AppIcon;
				DEVELOPMENT_TEAM = GEMV9X34CD;
				INFOPLIST_FILE = "7🐟/Info.plist";
				IPHONEOS_DEPLOYMENT_TARGET = 10.0;
				LD_RUNPATH_SEARCH_PATHS = "$(inherited) @executable_path/Frameworks";
				PRODUCT_BUNDLE_IDENTIFIER = "Madarax.---";
				PRODUCT_NAME = "$(TARGET_NAME)";
				SWIFT_VERSION = 3.0;
			};
			name = Debug;
		};
		920DAB2A1DC8E08A00C86EE6 /* Release */ = {
			isa = XCBuildConfiguration;
			buildSettings = {
				ASSETCATALOG_COMPILER_APPICON_NAME = AppIcon;
				DEVELOPMENT_TEAM = GEMV9X34CD;
				INFOPLIST_FILE = "7🐟/Info.plist";
				IPHONEOS_DEPLOYMENT_TARGET = 10.0;
				LD_RUNPATH_SEARCH_PATHS = "$(inherited) @executable_path/Frameworks";
				PRODUCT_BUNDLE_IDENTIFIER = "Madarax.---";
				PRODUCT_NAME = "$(TARGET_NAME)";
				SWIFT_VERSION = 3.0;
			};
			name = Release;
		};
		920DAB2C1DC8E08A00C86EE6 /* Debug */ = {
			isa = XCBuildConfiguration;
			buildSettings = {
				ALWAYS_EMBED_SWIFT_STANDARD_LIBRARIES = YES;
				BUNDLE_LOADER = "$(TEST_HOST)";
				INFOPLIST_FILE = "7🐟Tests/Info.plist";
				LD_RUNPATH_SEARCH_PATHS = "$(inherited) @executable_path/Frameworks @loader_path/Frameworks";
				PRODUCT_BUNDLE_IDENTIFIER = "Madarax.---Tests";
				PRODUCT_NAME = "$(TARGET_NAME)";
				SWIFT_VERSION = 3.0;
				TEST_HOST = "$(BUILT_PRODUCTS_DIR)/7🐟.app/7🐟";
			};
			name = Debug;
		};
		920DAB2D1DC8E08A00C86EE6 /* Release */ = {
			isa = XCBuildConfiguration;
			buildSettings = {
				ALWAYS_EMBED_SWIFT_STANDARD_LIBRARIES = YES;
				BUNDLE_LOADER = "$(TEST_HOST)";
				INFOPLIST_FILE = "7🐟Tests/Info.plist";
				LD_RUNPATH_SEARCH_PATHS = "$(inherited) @executable_path/Frameworks @loader_path/Frameworks";
				PRODUCT_BUNDLE_IDENTIFIER = "Madarax.---Tests";
				PRODUCT_NAME = "$(TARGET_NAME)";
				SWIFT_VERSION = 3.0;
				TEST_HOST = "$(BUILT_PRODUCTS_DIR)/7🐟.app/7🐟";
			};
			name = Release;
		};
		920DAB2F1DC8E08A00C86EE6 /* Debug */ = {
			isa = XCBuildConfiguration;
			buildSettings = {
				ALWAYS_EMBED_SWIFT_STANDARD_LIBRARIES = YES;
				INFOPLIST_FILE = "7🐟UITests/Info.plist";
				LD_RUNPATH_SEARCH_PATHS = "$(inherited) @executable_path/Frameworks @loader_path/Frameworks";
				PRODUCT_BUNDLE_IDENTIFIER = "Madarax.---UITests";
				PRODUCT_NAME = "$(TARGET_NAME)";
				SWIFT_VERSION = 3.0;
				TEST_TARGET_NAME = "7🐟";
			};
			name = Debug;
		};
		920DAB301DC8E08A00C86EE6 /* Release */ = {
			isa = XCBuildConfiguration;
			buildSettings = {
				ALWAYS_EMBED_SWIFT_STANDARD_LIBRARIES = YES;
				INFOPLIST_FILE = "7🐟UITests/Info.plist";
				LD_RUNPATH_SEARCH_PATHS = "$(inherited) @executable_path/Frameworks @loader_path/Frameworks";
				PRODUCT_BUNDLE_IDENTIFIER = "Madarax.---UITests";
				PRODUCT_NAME = "$(TARGET_NAME)";
				SWIFT_VERSION = 3.0;
				TEST_TARGET_NAME = "7🐟";
			};
			name = Release;
		};
/* End XCBuildConfiguration section */

/* Begin XCConfigurationList section */
		920DAAFB1DC8E08A00C86EE6 /* Build configuration list for PBXProject "7🐟" */ = {
			isa = XCConfigurationList;
			buildConfigurations = (
				920DAB261DC8E08A00C86EE6 /* Debug */,
				920DAB271DC8E08A00C86EE6 /* Release */,
			);
			defaultConfigurationIsVisible = 0;
			defaultConfigurationName = Release;
		};
		920DAB281DC8E08A00C86EE6 /* Build configuration list for PBXNativeTarget "7🐟" */ = {
			isa = XCConfigurationList;
			buildConfigurations = (
				920DAB291DC8E08A00C86EE6 /* Debug */,
				920DAB2A1DC8E08A00C86EE6 /* Release */,
			);
			defaultConfigurationIsVisible = 0;
			defaultConfigurationName = Release;
		};
		920DAB2B1DC8E08A00C86EE6 /* Build configuration list for PBXNativeTarget "7🐟Tests" */ = {
			isa = XCConfigurationList;
			buildConfigurations = (
				920DAB2C1DC8E08A00C86EE6 /* Debug */,
				920DAB2D1DC8E08A00C86EE6 /* Release */,
			);
			defaultConfigurationIsVisible = 0;
			defaultConfigurationName = Release;
		};
		920DAB2E1DC8E08A00C86EE6 /* Build configuration list for PBXNativeTarget "7🐟UITests" */ = {
			isa = XCConfigurationList;
			buildConfigurations = (
				920DAB2F1DC8E08A00C86EE6 /* Debug */,
				920DAB301DC8E08A00C86EE6 /* Release */,
			);
			defaultConfigurationIsVisible = 0;
			defaultConfigurationName = Release;
		};
/* End XCConfigurationList section */
	};
	rootObject = 920DAAF81DC8E08A00C86EE6 /* Project object */;
}
